{
	"name": "@flock-eco/application-example",
	"version": "1.6.11",
	"lockfileVersion": 1,
	"requires": true,
	"dependencies": {
		"@flock-eco/core": {
			"version": "1.6.11",
			"resolved": "https://dl.bintray.com//flock-community/flock-npm/@flock-eco/core/-/@flock-eco/core-1.6.11.tgz",
			"integrity": "sha1-ejOyF6j6/fzVum/D3jloBYLDDys="
		},
		"@flock-eco/feature-member": {
			"version": "1.6.11",
			"resolved": "https://dl.bintray.com//flock-community/flock-npm/@flock-eco/feature-member/-/@flock-eco/feature-member-1.6.11.tgz",
			"integrity": "sha1-Fsz0hAs4oDkMTKdrIfKwTrtZ1BY=",
			"requires": {
				"@flock-eco/core": "^1.6.11"
			}
		}
	}
}
